// !$*UTF8*$!
{
	archiveVersion = 1;
	classes = {
	};
	objectVersion = 56;
	objects = {

/* Begin PBXBuildFile section */
		E9A262232BD7AD0500AD99DA /* Lottie in Frameworks */ = {isa = PBXBuildFile; productRef = E9A262222BD7AD0500AD99DA /* Lottie */; };
		E9A2622B2BD7B2ED00AD99DA /* LottieView.swift in Sources */ = {isa = PBXBuildFile; fileRef = E9A2622A2BD7B2ED00AD99DA /* LottieView.swift */; };
		E9A2622D2BD7B38B00AD99DA /* SplashView.swift in Sources */ = {isa = PBXBuildFile; fileRef = E9A2622C2BD7B38A00AD99DA /* SplashView.swift */; };
		E9A262312BD7B58300AD99DA /* animate.json in Resources */ = {isa = PBXBuildFile; fileRef = E9A262302BD7B58300AD99DA /* animate.json */; };
		E9A262332BD7B7C100AD99DA /* animation.json in Resources */ = {isa = PBXBuildFile; fileRef = E9A262322BD7B7C100AD99DA /* animation.json */; };
		E9E5DB142BD3AED1001BF6AC /* loginPageApp.swift in Sources */ = {isa = PBXBuildFile; fileRef = E9E5DB132BD3AED1001BF6AC /* loginPageApp.swift */; };
		E9E5DB162BD3AED1001BF6AC /* ContentView.swift in Sources */ = {isa = PBXBuildFile; fileRef = E9E5DB152BD3AED1001BF6AC /* ContentView.swift */; };
		E9E5DB182BD3AED2001BF6AC /* Assets.xcassets in Resources */ = {isa = PBXBuildFile; fileRef = E9E5DB172BD3AED2001BF6AC /* Assets.xcassets */; };
		E9E5DB1B2BD3AED2001BF6AC /* Preview Assets.xcassets in Resources */ = {isa = PBXBuildFile; fileRef = E9E5DB1A2BD3AED2001BF6AC /* Preview Assets.xcassets */; };
		E9E5DB222BD3C9D7001BF6AC /* GoogleService-Info.plist in Resources */ = {isa = PBXBuildFile; fileRef = E9E5DB212BD3C9D7001BF6AC /* GoogleService-Info.plist */; };
		E9E5DB252BD3CA34001BF6AC /* FirebaseAnalytics in Frameworks */ = {isa = PBXBuildFile; productRef = E9E5DB242BD3CA34001BF6AC /* FirebaseAnalytics */; };
		E9E5DB272BD3CA34001BF6AC /* FirebaseAnalyticsOnDeviceConversion in Frameworks */ = {isa = PBXBuildFile; productRef = E9E5DB262BD3CA34001BF6AC /* FirebaseAnalyticsOnDeviceConversion */; };
		E9E5DB292BD3CA34001BF6AC /* FirebaseAnalyticsSwift in Frameworks */ = {isa = PBXBuildFile; productRef = E9E5DB282BD3CA34001BF6AC /* FirebaseAnalyticsSwift */; };
		E9E5DB2B2BD3CA34001BF6AC /* FirebaseAnalyticsWithoutAdIdSupport in Frameworks */ = {isa = PBXBuildFile; productRef = E9E5DB2A2BD3CA34001BF6AC /* FirebaseAnalyticsWithoutAdIdSupport */; };
		E9E5DB2D2BD3CA34001BF6AC /* FirebaseAppCheck in Frameworks */ = {isa = PBXBuildFile; productRef = E9E5DB2C2BD3CA34001BF6AC /* FirebaseAppCheck */; };
		E9E5DB302BD3D03C001BF6AC /* FirebaseAuth in Frameworks */ = {isa = PBXBuildFile; productRef = E9E5DB2F2BD3D03C001BF6AC /* FirebaseAuth */; };
		E9E5DB322BD3D36C001BF6AC /* HomeView.swift in Sources */ = {isa = PBXBuildFile; fileRef = E9E5DB312BD3D36C001BF6AC /* HomeView.swift */; };
/* End PBXBuildFile section */

/* Begin PBXFileReference section */
		E9A2622A2BD7B2ED00AD99DA /* LottieView.swift */ = {isa = PBXFileReference; lastKnownFileType = sourcecode.swift; path = LottieView.swift; sourceTree = "<group>"; };
		E9A2622C2BD7B38A00AD99DA /* SplashView.swift */ = {isa = PBXFileReference; lastKnownFileType = sourcecode.swift; path = SplashView.swift; sourceTree = "<group>"; };
		E9A262302BD7B58300AD99DA /* animate.json */ = {isa = PBXFileReference; fileEncoding = 4; lastKnownFileType = text.json; name = animate.json; path = ../../../../Downloads/animate.json; sourceTree = "<group>"; };
		E9A262322BD7B7C100AD99DA /* animation.json */ = {isa = PBXFileReference; fileEncoding = 4; lastKnownFileType = text.json; name = animation.json; path = ../../../../Downloads/animation.json; sourceTree = "<group>"; };
		E9E5DB102BD3AED1001BF6AC /* loginPage.app */ = {isa = PBXFileReference; explicitFileType = wrapper.application; includeInIndex = 0; path = loginPage.app; sourceTree = BUILT_PRODUCTS_DIR; };
		E9E5DB132BD3AED1001BF6AC /* loginPageApp.swift */ = {isa = PBXFileReference; lastKnownFileType = sourcecode.swift; path = loginPageApp.swift; sourceTree = "<group>"; };
		E9E5DB152BD3AED1001BF6AC /* ContentView.swift */ = {isa = PBXFileReference; lastKnownFileType = sourcecode.swift; path = ContentView.swift; sourceTree = "<group>"; };
		E9E5DB172BD3AED2001BF6AC /* Assets.xcassets */ = {isa = PBXFileReference; lastKnownFileType = folder.assetcatalog; path = Assets.xcassets; sourceTree = "<group>"; };
		E9E5DB1A2BD3AED2001BF6AC /* Preview Assets.xcassets */ = {isa = PBXFileReference; lastKnownFileType = folder.assetcatalog; path = "Preview Assets.xcassets"; sourceTree = "<group>"; };
		E9E5DB212BD3C9D7001BF6AC /* GoogleService-Info.plist */ = {isa = PBXFileReference; fileEncoding = 4; lastKnownFileType = text.plist.xml; name = "GoogleService-Info.plist"; path = "../../../../Downloads/GoogleService-Info.plist"; sourceTree = "<group>"; };
		E9E5DB312BD3D36C001BF6AC /* HomeView.swift */ = {isa = PBXFileReference; lastKnownFileType = sourcecode.swift; path = HomeView.swift; sourceTree = "<group>"; };
/* End PBXFileReference section */

/* Begin PBXFrameworksBuildPhase section */
		E9E5DB0D2BD3AED1001BF6AC /* Frameworks */ = {
			isa = PBXFrameworksBuildPhase;
			buildActionMask = 2147483647;
			files = (
				E9E5DB292BD3CA34001BF6AC /* FirebaseAnalyticsSwift in Frameworks */,
				E9A262232BD7AD0500AD99DA /* Lottie in Frameworks */,
				E9E5DB302BD3D03C001BF6AC /* FirebaseAuth in Frameworks */,
				E9E5DB252BD3CA34001BF6AC /* FirebaseAnalytics in Frameworks */,
				E9E5DB272BD3CA34001BF6AC /* FirebaseAnalyticsOnDeviceConversion in Frameworks */,
				E9E5DB2D2BD3CA34001BF6AC /* FirebaseAppCheck in Frameworks */,
				E9E5DB2B2BD3CA34001BF6AC /* FirebaseAnalyticsWithoutAdIdSupport in Frameworks */,
			);
			runOnlyForDeploymentPostprocessing = 0;
		};
/* End PBXFrameworksBuildPhase section */

/* Begin PBXGroup section */
		E9E5DB072BD3AED1001BF6AC = {
			isa = PBXGroup;
			children = (
				E9E5DB122BD3AED1001BF6AC /* loginPage */,
				E9E5DB112BD3AED1001BF6AC /* Products */,
				E9E5DB2E2BD3D03C001BF6AC /* Frameworks */,
			);
			sourceTree = "<group>";
		};
		E9E5DB112BD3AED1001BF6AC /* Products */ = {
			isa = PBXGroup;
			children = (
				E9E5DB102BD3AED1001BF6AC /* loginPage.app */,
			);
			name = Products;
			sourceTree = "<group>";
		};
		E9E5DB122BD3AED1001BF6AC /* loginPage */ = {
			isa = PBXGroup;
			children = (
				E9A2622C2BD7B38A00AD99DA /* SplashView.swift */,
				E9A2622A2BD7B2ED00AD99DA /* LottieView.swift */,
				E9E5DB132BD3AED1001BF6AC /* loginPageApp.swift */,
				E9A262322BD7B7C100AD99DA /* animation.json */,
				E9A262302BD7B58300AD99DA /* animate.json */,
				E9E5DB152BD3AED1001BF6AC /* ContentView.swift */,
				E9E5DB212BD3C9D7001BF6AC /* GoogleService-Info.plist */,
				E9E5DB172BD3AED2001BF6AC /* Assets.xcassets */,
				E9E5DB192BD3AED2001BF6AC /* Preview Content */,
				E9E5DB312BD3D36C001BF6AC /* HomeView.swift */,
			);
			path = loginPage;
			sourceTree = "<group>";
		};
		E9E5DB192BD3AED2001BF6AC /* Preview Content */ = {
			isa = PBXGroup;
			children = (
				E9E5DB1A2BD3AED2001BF6AC /* Preview Assets.xcassets */,
			);
			path = "Preview Content";
			sourceTree = "<group>";
		};
		E9E5DB2E2BD3D03C001BF6AC /* Frameworks */ = {
			isa = PBXGroup;
			children = (
			);
			name = Frameworks;
			sourceTree = "<group>";
		};
/* End PBXGroup section */

/* Begin PBXNativeTarget section */
		E9E5DB0F2BD3AED1001BF6AC /* loginPage */ = {
			isa = PBXNativeTarget;
			buildConfigurationList = E9E5DB1E2BD3AED2001BF6AC /* Build configuration list for PBXNativeTarget "loginPage" */;
			buildPhases = (
				E9E5DB0C2BD3AED1001BF6AC /* Sources */,
				E9E5DB0D2BD3AED1001BF6AC /* Frameworks */,
				E9E5DB0E2BD3AED1001BF6AC /* Resources */,
			);
			buildRules = (
			);
			dependencies = (
			);
			name = loginPage;
			packageProductDependencies = (
				E9E5DB242BD3CA34001BF6AC /* FirebaseAnalytics */,
				E9E5DB262BD3CA34001BF6AC /* FirebaseAnalyticsOnDeviceConversion */,
				E9E5DB282BD3CA34001BF6AC /* FirebaseAnalyticsSwift */,
				E9E5DB2A2BD3CA34001BF6AC /* FirebaseAnalyticsWithoutAdIdSupport */,
				E9E5DB2C2BD3CA34001BF6AC /* FirebaseAppCheck */,
				E9E5DB2F2BD3D03C001BF6AC /* FirebaseAuth */,
				E9A262222BD7AD0500AD99DA /* Lottie */,
			);
			productName = loginPage;
			productReference = E9E5DB102BD3AED1001BF6AC /* loginPage.app */;
			productType = "com.apple.product-type.application";
		};
/* End PBXNativeTarget section */

/* Begin PBXProject section */
		E9E5DB082BD3AED1001BF6AC /* Project object */ = {
			isa = PBXProject;
			attributes = {
				BuildIndependentTargetsInParallel = 1;
				LastSwiftUpdateCheck = 1520;
				LastUpgradeCheck = 1520;
				TargetAttributes = {
					E9E5DB0F2BD3AED1001BF6AC = {
						CreatedOnToolsVersion = 15.2;
					};
				};
			};
			buildConfigurationList = E9E5DB0B2BD3AED1001BF6AC /* Build configuration list for PBXProject "loginPage" */;
			compatibilityVersion = "Xcode 14.0";
			developmentRegion = en;
			hasScannedForEncodings = 0;
			knownRegions = (
				en,
				Base,
			);
			mainGroup = E9E5DB072BD3AED1001BF6AC;
			packageReferences = (
				E9E5DB232BD3CA34001BF6AC /* XCRemoteSwiftPackageReference "firebase-ios-sdk" */,
				E9A262212BD7AD0400AD99DA /* XCRemoteSwiftPackageReference "lottie-spm" */,
			);
			productRefGroup = E9E5DB112BD3AED1001BF6AC /* Products */;
			projectDirPath = "";
			projectRoot = "";
			targets = (
				E9E5DB0F2BD3AED1001BF6AC /* loginPage */,
			);
		};
/* End PBXProject section */

/* Begin PBXResourcesBuildPhase section */
		E9E5DB0E2BD3AED1001BF6AC /* Resources */ = {
			isa = PBXResourcesBuildPhase;
			buildActionMask = 2147483647;
			files = (
				E9E5DB1B2BD3AED2001BF6AC /* Preview Assets.xcassets in Resources */,
				E9A262332BD7B7C100AD99DA /* animation.json in Resources */,
				E9E5DB182BD3AED2001BF6AC /* Assets.xcassets in Resources */,
				E9E5DB222BD3C9D7001BF6AC /* GoogleService-Info.plist in Resources */,
				E9A262312BD7B58300AD99DA /* animate.json in Resources */,
			);
			runOnlyForDeploymentPostprocessing = 0;
		};
/* End PBXResourcesBuildPhase section */

/* Begin PBXSourcesBuildPhase section */
		E9E5DB0C2BD3AED1001BF6AC /* Sources */ = {
			isa = PBXSourcesBuildPhase;
			buildActionMask = 2147483647;
			files = (
				E9E5DB322BD3D36C001BF6AC /* HomeView.swift in Sources */,
				E9A2622B2BD7B2ED00AD99DA /* LottieView.swift in Sources */,
				E9A2622D2BD7B38B00AD99DA /* SplashView.swift in Sources */,
				E9E5DB162BD3AED1001BF6AC /* ContentView.swift in Sources */,
				E9E5DB142BD3AED1001BF6AC /* loginPageApp.swift in Sources */,
			);
			runOnlyForDeploymentPostprocessing = 0;
		};
/* End PBXSourcesBuildPhase section */

/* Begin XCBuildConfiguration section */
		E9E5DB1C2BD3AED2001BF6AC /* Debug */ = {
			isa = XCBuildConfiguration;
			buildSettings = {
				ALWAYS_SEARCH_USER_PATHS = NO;
				ASSETCATALOG_COMPILER_GENERATE_SWIFT_ASSET_SYMBOL_EXTENSIONS = YES;
				CLANG_ANALYZER_NONNULL = YES;
				CLANG_ANALYZER_NUMBER_OBJECT_CONVERSION = YES_AGGRESSIVE;
				CLANG_CXX_LANGUAGE_STANDARD = "gnu++20";
				CLANG_ENABLE_MODULES = YES;
				CLANG_ENABLE_OBJC_ARC = YES;
				CLANG_ENABLE_OBJC_WEAK = YES;
				CLANG_WARN_BLOCK_CAPTURE_AUTORELEASING = YES;
				CLANG_WARN_BOOL_CONVERSION = YES;
				CLANG_WARN_COMMA = YES;
				CLANG_WARN_CONSTANT_CONVERSION = YES;
				CLANG_WARN_DEPRECATED_OBJC_IMPLEMENTATIONS = YES;
				CLANG_WARN_DIRECT_OBJC_ISA_USAGE = YES_ERROR;
				CLANG_WARN_DOCUMENTATION_COMMENTS = YES;
				CLANG_WARN_EMPTY_BODY = YES;
				CLANG_WARN_ENUM_CONVERSION = YES;
				CLANG_WARN_INFINITE_RECURSION = YES;
				CLANG_WARN_INT_CONVERSION = YES;
				CLANG_WARN_NON_LITERAL_NULL_CONVERSION = YES;
				CLANG_WARN_OBJC_IMPLICIT_RETAIN_SELF = YES;
				CLANG_WARN_OBJC_LITERAL_CONVERSION = YES;
				CLANG_WARN_OBJC_ROOT_CLASS = YES_ERROR;
				CLANG_WARN_QUOTED_INCLUDE_IN_FRAMEWORK_HEADER = YES;
				CLANG_WARN_RANGE_LOOP_ANALYSIS = YES;
				CLANG_WARN_STRICT_PROTOTYPES = YES;
				CLANG_WARN_SUSPICIOUS_MOVE = YES;
				CLANG_WARN_UNGUARDED_AVAILABILITY = YES_AGGRESSIVE;
				CLANG_WARN_UNREACHABLE_CODE = YES;
				CLANG_WARN__DUPLICATE_METHOD_MATCH = YES;
				COPY_PHASE_STRIP = NO;
				DEBUG_INFORMATION_FORMAT = dwarf;
				ENABLE_STRICT_OBJC_MSGSEND = YES;
				ENABLE_TESTABILITY = YES;
				ENABLE_USER_SCRIPT_SANDBOXING = YES;
				GCC_C_LANGUAGE_STANDARD = gnu17;
				GCC_DYNAMIC_NO_PIC = NO;
				GCC_NO_COMMON_BLOCKS = YES;
				GCC_OPTIMIZATION_LEVEL = 0;
				GCC_PREPROCESSOR_DEFINITIONS = (
					"DEBUG=1",
					"$(inherited)",
				);
				GCC_WARN_64_TO_32_BIT_CONVERSION = YES;
				GCC_WARN_ABOUT_RETURN_TYPE = YES_ERROR;
				GCC_WARN_UNDECLARED_SELECTOR = YES;
				GCC_WARN_UNINITIALIZED_AUTOS = YES_AGGRESSIVE;
				GCC_WARN_UNUSED_FUNCTION = YES;
				GCC_WARN_UNUSED_VARIABLE = YES;
				IPHONEOS_DEPLOYMENT_TARGET = 17.2;
				LOCALIZATION_PREFERS_STRING_CATALOGS = YES;
				MTL_ENABLE_DEBUG_INFO = INCLUDE_SOURCE;
				MTL_FAST_MATH = YES;
				ONLY_ACTIVE_ARCH = YES;
				SDKROOT = iphoneos;
				SWIFT_ACTIVE_COMPILATION_CONDITIONS = "DEBUG $(inherited)";
				SWIFT_OPTIMIZATION_LEVEL = "-Onone";
			};
			name = Debug;
		};
		E9E5DB1D2BD3AED2001BF6AC /* Release */ = {
			isa = XCBuildConfiguration;
			buildSettings = {
				ALWAYS_SEARCH_USER_PATHS = NO;
				ASSETCATALOG_COMPILER_GENERATE_SWIFT_ASSET_SYMBOL_EXTENSIONS = YES;
				CLANG_ANALYZER_NONNULL = YES;
				CLANG_ANALYZER_NUMBER_OBJECT_CONVERSION = YES_AGGRESSIVE;
				CLANG_CXX_LANGUAGE_STANDARD = "gnu++20";
				CLANG_ENABLE_MODULES = YES;
				CLANG_ENABLE_OBJC_ARC = YES;
				CLANG_ENABLE_OBJC_WEAK = YES;
				CLANG_WARN_BLOCK_CAPTURE_AUTORELEASING = YES;
				CLANG_WARN_BOOL_CONVERSION = YES;
				CLANG_WARN_COMMA = YES;
				CLANG_WARN_CONSTANT_CONVERSION = YES;
				CLANG_WARN_DEPRECATED_OBJC_IMPLEMENTATIONS = YES;
				CLANG_WARN_DIRECT_OBJC_ISA_USAGE = YES_ERROR;
				CLANG_WARN_DOCUMENTATION_COMMENTS = YES;
				CLANG_WARN_EMPTY_BODY = YES;
				CLANG_WARN_ENUM_CONVERSION = YES;
				CLANG_WARN_INFINITE_RECURSION = YES;
				CLANG_WARN_INT_CONVERSION = YES;
				CLANG_WARN_NON_LITERAL_NULL_CONVERSION = YES;
				CLANG_WARN_OBJC_IMPLICIT_RETAIN_SELF = YES;
				CLANG_WARN_OBJC_LITERAL_CONVERSION = YES;
				CLANG_WARN_OBJC_ROOT_CLASS = YES_ERROR;
				CLANG_WARN_QUOTED_INCLUDE_IN_FRAMEWORK_HEADER = YES;
				CLANG_WARN_RANGE_LOOP_ANALYSIS = YES;
				CLANG_WARN_STRICT_PROTOTYPES = YES;
				CLANG_WARN_SUSPICIOUS_MOVE = YES;
				CLANG_WARN_UNGUARDED_AVAILABILITY = YES_AGGRESSIVE;
				CLANG_WARN_UNREACHABLE_CODE = YES;
				CLANG_WARN__DUPLICATE_METHOD_MATCH = YES;
				COPY_PHASE_STRIP = NO;
				DEBUG_INFORMATION_FORMAT = "dwarf-with-dsym";
				ENABLE_NS_ASSERTIONS = NO;
				ENABLE_STRICT_OBJC_MSGSEND = YES;
				ENABLE_USER_SCRIPT_SANDBOXING = YES;
				GCC_C_LANGUAGE_STANDARD = gnu17;
				GCC_NO_COMMON_BLOCKS = YES;
				GCC_WARN_64_TO_32_BIT_CONVERSION = YES;
				GCC_WARN_ABOUT_RETURN_TYPE = YES_ERROR;
				GCC_WARN_UNDECLARED_SELECTOR = YES;
				GCC_WARN_UNINITIALIZED_AUTOS = YES_AGGRESSIVE;
				GCC_WARN_UNUSED_FUNCTION = YES;
				GCC_WARN_UNUSED_VARIABLE = YES;
				IPHONEOS_DEPLOYMENT_TARGET = 17.2;
				LOCALIZATION_PREFERS_STRING_CATALOGS = YES;
				MTL_ENABLE_DEBUG_INFO = NO;
				MTL_FAST_MATH = YES;
				SDKROOT = iphoneos;
				SWIFT_COMPILATION_MODE = wholemodule;
				VALIDATE_PRODUCT = YES;
			};
			name = Release;
		};
		E9E5DB1F2BD3AED2001BF6AC /* Debug */ = {
			isa = XCBuildConfiguration;
			buildSettings = {
				ASSETCATALOG_COMPILER_APPICON_NAME = AppIcon;
				ASSETCATALOG_COMPILER_GLOBAL_ACCENT_COLOR_NAME = AccentColor;
				CODE_SIGN_STYLE = Automatic;
				CURRENT_PROJECT_VERSION = 1;
				DEVELOPMENT_ASSET_PATHS = "\"loginPage/Preview Content\"";
				ENABLE_PREVIEWS = YES;
				GENERATE_INFOPLIST_FILE = YES;
				INFOPLIST_KEY_UIApplicationSceneManifest_Generation = YES;
				INFOPLIST_KEY_UIApplicationSupportsIndirectInputEvents = YES;
				INFOPLIST_KEY_UILaunchScreen_Generation = YES;
				INFOPLIST_KEY_UISupportedInterfaceOrientations_iPad = "UIInterfaceOrientationPortrait UIInterfaceOrientationPortraitUpsideDown UIInterfaceOrientationLandscapeLeft UIInterfaceOrientationLandscapeRight";
				INFOPLIST_KEY_UISupportedInterfaceOrientations_iPhone = "UIInterfaceOrientationPortrait UIInterfaceOrientationLandscapeLeft UIInterfaceOrientationLandscapeRight";
				LD_RUNPATH_SEARCH_PATHS = (
					"$(inherited)",
					"@executable_path/Frameworks",
				);
				MARKETING_VERSION = 1.0;
				PRODUCT_BUNDLE_IDENTIFIER = com.tekup.loginPage;
				PRODUCT_NAME = "$(TARGET_NAME)";
				SWIFT_EMIT_LOC_STRINGS = YES;
				SWIFT_VERSION = 5.0;
				TARGETED_DEVICE_FAMILY = "1,2";
			};
			name = Debug;
		};
		E9E5DB202BD3AED2001BF6AC /* Release */ = {
			isa = XCBuildConfiguration;
			buildSettings = {
				ASSETCATALOG_COMPILER_APPICON_NAME = AppIcon;
				ASSETCATALOG_COMPILER_GLOBAL_ACCENT_COLOR_NAME = AccentColor;
				CODE_SIGN_STYLE = Automatic;
				CURRENT_PROJECT_VERSION = 1;
				DEVELOPMENT_ASSET_PATHS = "\"loginPage/Preview Content\"";
				ENABLE_PREVIEWS = YES;
				GENERATE_INFOPLIST_FILE = YES;
				INFOPLIST_KEY_UIApplicationSceneManifest_Generation = YES;
				INFOPLIST_KEY_UIApplicationSupportsIndirectInputEvents = YES;
				INFOPLIST_KEY_UILaunchScreen_Generation = YES;
				INFOPLIST_KEY_UISupportedInterfaceOrientations_iPad = "UIInterfaceOrientationPortrait UIInterfaceOrientationPortraitUpsideDown UIInterfaceOrientationLandscapeLeft UIInterfaceOrientationLandscapeRight";
				INFOPLIST_KEY_UISupportedInterfaceOrientations_iPhone = "UIInterfaceOrientationPortrait UIInterfaceOrientationLandscapeLeft UIInterfaceOrientationLandscapeRight";
				LD_RUNPATH_SEARCH_PATHS = (
					"$(inherited)",
					"@executable_path/Frameworks",
				);
				MARKETING_VERSION = 1.0;
				PRODUCT_BUNDLE_IDENTIFIER = com.tekup.loginPage;
				PRODUCT_NAME = "$(TARGET_NAME)";
				SWIFT_EMIT_LOC_STRINGS = YES;
				SWIFT_VERSION = 5.0;
				TARGETED_DEVICE_FAMILY = "1,2";
			};
			name = Release;
		};
/* End XCBuildConfiguration section */

/* Begin XCConfigurationList section */
		E9E5DB0B2BD3AED1001BF6AC /* Build configuration list for PBXProject "loginPage" */ = {
			isa = XCConfigurationList;
			buildConfigurations = (
				E9E5DB1C2BD3AED2001BF6AC /* Debug */,
				E9E5DB1D2BD3AED2001BF6AC /* Release */,
			);
			defaultConfigurationIsVisible = 0;
			defaultConfigurationName = Release;
		};
		E9E5DB1E2BD3AED2001BF6AC /* Build configuration list for PBXNativeTarget "loginPage" */ = {
			isa = XCConfigurationList;
			buildConfigurations = (
				E9E5DB1F2BD3AED2001BF6AC /* Debug */,
				E9E5DB202BD3AED2001BF6AC /* Release */,
			);
			defaultConfigurationIsVisible = 0;
			defaultConfigurationName = Release;
		};
/* End XCConfigurationList section */

/* Begin XCRemoteSwiftPackageReference section */
		E9A262212BD7AD0400AD99DA /* XCRemoteSwiftPackageReference "lottie-spm" */ = {
			isa = XCRemoteSwiftPackageReference;
			repositoryURL = "https://github.com/airbnb/lottie-spm.git";
			requirement = {
				kind = upToNextMajorVersion;
				minimumVersion = 4.4.3;
			};
		};
		E9E5DB232BD3CA34001BF6AC /* XCRemoteSwiftPackageReference "firebase-ios-sdk" */ = {
			isa = XCRemoteSwiftPackageReference;
			repositoryURL = "https://github.com/firebase/firebase-ios-sdk";
			requirement = {
				kind = upToNextMajorVersion;
				minimumVersion = 10.24.0;
			};
		};
/* End XCRemoteSwiftPackageReference section */

/* Begin XCSwiftPackageProductDependency section */
		E9A262222BD7AD0500AD99DA /* Lottie */ = {
			isa = XCSwiftPackageProductDependency;
			package = E9A262212BD7AD0400AD99DA /* XCRemoteSwiftPackageReference "lottie-spm" */;
			productName = Lottie;
		};
		E9E5DB242BD3CA34001BF6AC /* FirebaseAnalytics */ = {
			isa = XCSwiftPackageProductDependency;
			package = E9E5DB232BD3CA34001BF6AC /* XCRemoteSwiftPackageReference "firebase-ios-sdk" */;
			productName = FirebaseAnalytics;
		};
		E9E5DB262BD3CA34001BF6AC /* FirebaseAnalyticsOnDeviceConversion */ = {
			isa = XCSwiftPackageProductDependency;
			package = E9E5DB232BD3CA34001BF6AC /* XCRemoteSwiftPackageReference "firebase-ios-sdk" */;
			productName = FirebaseAnalyticsOnDeviceConversion;
		};
		E9E5DB282BD3CA34001BF6AC /* FirebaseAnalyticsSwift */ = {
			isa = XCSwiftPackageProductDependency;
			package = E9E5DB232BD3CA34001BF6AC /* XCRemoteSwiftPackageReference "firebase-ios-sdk" */;
			productName = FirebaseAnalyticsSwift;
		};
		E9E5DB2A2BD3CA34001BF6AC /* FirebaseAnalyticsWithoutAdIdSupport */ = {
			isa = XCSwiftPackageProductDependency;
			package = E9E5DB232BD3CA34001BF6AC /* XCRemoteSwiftPackageReference "firebase-ios-sdk" */;
			productName = FirebaseAnalyticsWithoutAdIdSupport;
		};
		E9E5DB2C2BD3CA34001BF6AC /* FirebaseAppCheck */ = {
			isa = XCSwiftPackageProductDependency;
			package = E9E5DB232BD3CA34001BF6AC /* XCRemoteSwiftPackageReference "firebase-ios-sdk" */;
			productName = FirebaseAppCheck;
		};
		E9E5DB2F2BD3D03C001BF6AC /* FirebaseAuth */ = {
			isa = XCSwiftPackageProductDependency;
			package = E9E5DB232BD3CA34001BF6AC /* XCRemoteSwiftPackageReference "firebase-ios-sdk" */;
			productName = FirebaseAuth;
		};
/* End XCSwiftPackageProductDependency section */
	};
	rootObject = E9E5DB082BD3AED1001BF6AC /* Project object */;
}
